// !$*UTF8*$!
{
	archiveVersion = 1;
	classes = {
	};
	objectVersion = 56;
	objects = {

/* Begin PBXBuildFile section */
		2A9EF3E82A8CAFF200F16561 /* SwiftUIBaseApp.swift in Sources */ = {isa = PBXBuildFile; fileRef = 2A9EF3E72A8CAFF200F16561 /* SwiftUIBaseApp.swift */; };
		2A9EF3EA2A8CAFF200F16561 /* ContentView.swift in Sources */ = {isa = PBXBuildFile; fileRef = 2A9EF3E92A8CAFF200F16561 /* ContentView.swift */; };
		2A9EF3EC2A8CAFF400F16561 /* Assets.xcassets in Resources */ = {isa = PBXBuildFile; fileRef = 2A9EF3EB2A8CAFF400F16561 /* Assets.xcassets */; };
		2A9EF3EF2A8CAFF400F16561 /* Preview Assets.xcassets in Resources */ = {isa = PBXBuildFile; fileRef = 2A9EF3EE2A8CAFF400F16561 /* Preview Assets.xcassets */; };
		2A9EF3F92A8CAFF400F16561 /* SwiftUIBaseTests.swift in Sources */ = {isa = PBXBuildFile; fileRef = 2A9EF3F82A8CAFF400F16561 /* SwiftUIBaseTests.swift */; };
		2A9EF4032A8CAFF500F16561 /* SwiftUIBaseUITests.swift in Sources */ = {isa = PBXBuildFile; fileRef = 2A9EF4022A8CAFF500F16561 /* SwiftUIBaseUITests.swift */; };
		2A9EF4052A8CAFF500F16561 /* SwiftUIBaseUITestsLaunchTests.swift in Sources */ = {isa = PBXBuildFile; fileRef = 2A9EF4042A8CAFF500F16561 /* SwiftUIBaseUITestsLaunchTests.swift */; };
		2AC1D4A62A8CB31F000589DF /* Encoding.swift in Sources */ = {isa = PBXBuildFile; fileRef = 2AC1D48E2A8CB31F000589DF /* Encoding.swift */; };
		2AC1D4A72A8CB31F000589DF /* Parameters.swift in Sources */ = {isa = PBXBuildFile; fileRef = 2AC1D48F2A8CB31F000589DF /* Parameters.swift */; };
		2AC1D4A82A8CB31F000589DF /* NetworkingError.swift in Sources */ = {isa = PBXBuildFile; fileRef = 2AC1D4902A8CB31F000589DF /* NetworkingError.swift */; };
		2AC1D4A92A8CB31F000589DF /* Meta.swift in Sources */ = {isa = PBXBuildFile; fileRef = 2AC1D4922A8CB31F000589DF /* Meta.swift */; };
		2AC1D4AA2A8CB31F000589DF /* Container.swift in Sources */ = {isa = PBXBuildFile; fileRef = 2AC1D4932A8CB31F000589DF /* Container.swift */; };
		2AC1D4AB2A8CB31F000589DF /* Pagination.swift in Sources */ = {isa = PBXBuildFile; fileRef = 2AC1D4942A8CB31F000589DF /* Pagination.swift */; };
		2AC1D4AC2A8CB31F000589DF /* ApiResponse.swift in Sources */ = {isa = PBXBuildFile; fileRef = 2AC1D4952A8CB31F000589DF /* ApiResponse.swift */; };
		2AC1D4AD2A8CB31F000589DF /* ErrorMessage.swift in Sources */ = {isa = PBXBuildFile; fileRef = 2AC1D4962A8CB31F000589DF /* ErrorMessage.swift */; };
		2AC1D4AE2A8CB31F000589DF /* Connectivity.swift in Sources */ = {isa = PBXBuildFile; fileRef = 2AC1D4982A8CB31F000589DF /* Connectivity.swift */; };
		2AC1D4AF2A8CB31F000589DF /* KeyChainManager.swift in Sources */ = {isa = PBXBuildFile; fileRef = 2AC1D4992A8CB31F000589DF /* KeyChainManager.swift */; };
		2AC1D4B02A8CB31F000589DF /* Logger.swift in Sources */ = {isa = PBXBuildFile; fileRef = 2AC1D49A2A8CB31F000589DF /* Logger.swift */; };
		2AC1D4B12A8CB31F000589DF /* Networking.swift in Sources */ = {isa = PBXBuildFile; fileRef = 2AC1D49B2A8CB31F000589DF /* Networking.swift */; };
		2AC1D4B22A8CB31F000589DF /* ResponseParser.swift in Sources */ = {isa = PBXBuildFile; fileRef = 2AC1D49D2A8CB31F000589DF /* ResponseParser.swift */; };
		2AC1D4B32A8CB31F000589DF /* HTTPMethod.swift in Sources */ = {isa = PBXBuildFile; fileRef = 2AC1D49E2A8CB31F000589DF /* HTTPMethod.swift */; };
		2AC1D4B42A8CB31F000589DF /* TokenManager.swift in Sources */ = {isa = PBXBuildFile; fileRef = 2AC1D49F2A8CB31F000589DF /* TokenManager.swift */; };
		2AC1D4B52A8CB31F000589DF /* NetworkingResponse.swift in Sources */ = {isa = PBXBuildFile; fileRef = 2AC1D4A12A8CB31F000589DF /* NetworkingResponse.swift */; };
		2AC1D4B62A8CB31F000589DF /* RequestBuilder.swift in Sources */ = {isa = PBXBuildFile; fileRef = 2AC1D4A22A8CB31F000589DF /* RequestBuilder.swift */; };
		2AC1D4B72A8CB31F000589DF /* RequestMaker.swift in Sources */ = {isa = PBXBuildFile; fileRef = 2AC1D4A32A8CB31F000589DF /* RequestMaker.swift */; };
		2AC1D4B82A8CB31F000589DF /* NetworkingConfiguration.swift in Sources */ = {isa = PBXBuildFile; fileRef = 2AC1D4A42A8CB31F000589DF /* NetworkingConfiguration.swift */; };
		2AC1D4B92A8CB31F000589DF /* NetworkingRouter.swift in Sources */ = {isa = PBXBuildFile; fileRef = 2AC1D4A52A8CB31F000589DF /* NetworkingRouter.swift */; };
<<<<<<< HEAD
		2AC1D4BC2A8CBD79000589DF /* SwiftKeychainWrapper in Frameworks */ = {isa = PBXBuildFile; productRef = 2AC1D4BB2A8CBD79000589DF /* SwiftKeychainWrapper */; };
		2AC1D4C02A8CC78E000589DF /* AuthRouter.swift in Sources */ = {isa = PBXBuildFile; fileRef = 2AC1D4BF2A8CC78E000589DF /* AuthRouter.swift */; };
=======
		98419D742A8CB72B00579CD7 /* SwiftKeychainWrapper in Frameworks */ = {isa = PBXBuildFile; productRef = 98419D732A8CB72B00579CD7 /* SwiftKeychainWrapper */; };
>>>>>>> develop
/* End PBXBuildFile section */

/* Begin PBXContainerItemProxy section */
		2A9EF3F52A8CAFF400F16561 /* PBXContainerItemProxy */ = {
			isa = PBXContainerItemProxy;
			containerPortal = 2A9EF3DC2A8CAFF200F16561 /* Project object */;
			proxyType = 1;
			remoteGlobalIDString = 2A9EF3E32A8CAFF200F16561;
			remoteInfo = SwiftUIBase;
		};
		2A9EF3FF2A8CAFF500F16561 /* PBXContainerItemProxy */ = {
			isa = PBXContainerItemProxy;
			containerPortal = 2A9EF3DC2A8CAFF200F16561 /* Project object */;
			proxyType = 1;
			remoteGlobalIDString = 2A9EF3E32A8CAFF200F16561;
			remoteInfo = SwiftUIBase;
		};
/* End PBXContainerItemProxy section */

/* Begin PBXFileReference section */
		2A9EF3E42A8CAFF200F16561 /* SwiftUIBase.app */ = {isa = PBXFileReference; explicitFileType = wrapper.application; includeInIndex = 0; path = SwiftUIBase.app; sourceTree = BUILT_PRODUCTS_DIR; };
		2A9EF3E72A8CAFF200F16561 /* SwiftUIBaseApp.swift */ = {isa = PBXFileReference; lastKnownFileType = sourcecode.swift; path = SwiftUIBaseApp.swift; sourceTree = "<group>"; };
		2A9EF3E92A8CAFF200F16561 /* ContentView.swift */ = {isa = PBXFileReference; lastKnownFileType = sourcecode.swift; path = ContentView.swift; sourceTree = "<group>"; };
		2A9EF3EB2A8CAFF400F16561 /* Assets.xcassets */ = {isa = PBXFileReference; lastKnownFileType = folder.assetcatalog; path = Assets.xcassets; sourceTree = "<group>"; };
		2A9EF3EE2A8CAFF400F16561 /* Preview Assets.xcassets */ = {isa = PBXFileReference; lastKnownFileType = folder.assetcatalog; path = "Preview Assets.xcassets"; sourceTree = "<group>"; };
		2A9EF3F42A8CAFF400F16561 /* SwiftUIBaseTests.xctest */ = {isa = PBXFileReference; explicitFileType = wrapper.cfbundle; includeInIndex = 0; path = SwiftUIBaseTests.xctest; sourceTree = BUILT_PRODUCTS_DIR; };
		2A9EF3F82A8CAFF400F16561 /* SwiftUIBaseTests.swift */ = {isa = PBXFileReference; lastKnownFileType = sourcecode.swift; path = SwiftUIBaseTests.swift; sourceTree = "<group>"; };
		2A9EF3FE2A8CAFF500F16561 /* SwiftUIBaseUITests.xctest */ = {isa = PBXFileReference; explicitFileType = wrapper.cfbundle; includeInIndex = 0; path = SwiftUIBaseUITests.xctest; sourceTree = BUILT_PRODUCTS_DIR; };
		2A9EF4022A8CAFF500F16561 /* SwiftUIBaseUITests.swift */ = {isa = PBXFileReference; lastKnownFileType = sourcecode.swift; path = SwiftUIBaseUITests.swift; sourceTree = "<group>"; };
		2A9EF4042A8CAFF500F16561 /* SwiftUIBaseUITestsLaunchTests.swift */ = {isa = PBXFileReference; lastKnownFileType = sourcecode.swift; path = SwiftUIBaseUITestsLaunchTests.swift; sourceTree = "<group>"; };
		2AC1D48E2A8CB31F000589DF /* Encoding.swift */ = {isa = PBXFileReference; fileEncoding = 4; lastKnownFileType = sourcecode.swift; path = Encoding.swift; sourceTree = "<group>"; };
		2AC1D48F2A8CB31F000589DF /* Parameters.swift */ = {isa = PBXFileReference; fileEncoding = 4; lastKnownFileType = sourcecode.swift; path = Parameters.swift; sourceTree = "<group>"; };
		2AC1D4902A8CB31F000589DF /* NetworkingError.swift */ = {isa = PBXFileReference; fileEncoding = 4; lastKnownFileType = sourcecode.swift; path = NetworkingError.swift; sourceTree = "<group>"; };
		2AC1D4922A8CB31F000589DF /* Meta.swift */ = {isa = PBXFileReference; fileEncoding = 4; lastKnownFileType = sourcecode.swift; path = Meta.swift; sourceTree = "<group>"; };
		2AC1D4932A8CB31F000589DF /* Container.swift */ = {isa = PBXFileReference; fileEncoding = 4; lastKnownFileType = sourcecode.swift; path = Container.swift; sourceTree = "<group>"; };
		2AC1D4942A8CB31F000589DF /* Pagination.swift */ = {isa = PBXFileReference; fileEncoding = 4; lastKnownFileType = sourcecode.swift; path = Pagination.swift; sourceTree = "<group>"; };
		2AC1D4952A8CB31F000589DF /* ApiResponse.swift */ = {isa = PBXFileReference; fileEncoding = 4; lastKnownFileType = sourcecode.swift; path = ApiResponse.swift; sourceTree = "<group>"; };
		2AC1D4962A8CB31F000589DF /* ErrorMessage.swift */ = {isa = PBXFileReference; fileEncoding = 4; lastKnownFileType = sourcecode.swift; path = ErrorMessage.swift; sourceTree = "<group>"; };
		2AC1D4982A8CB31F000589DF /* Connectivity.swift */ = {isa = PBXFileReference; fileEncoding = 4; lastKnownFileType = sourcecode.swift; path = Connectivity.swift; sourceTree = "<group>"; };
		2AC1D4992A8CB31F000589DF /* KeyChainManager.swift */ = {isa = PBXFileReference; fileEncoding = 4; lastKnownFileType = sourcecode.swift; path = KeyChainManager.swift; sourceTree = "<group>"; };
		2AC1D49A2A8CB31F000589DF /* Logger.swift */ = {isa = PBXFileReference; fileEncoding = 4; lastKnownFileType = sourcecode.swift; path = Logger.swift; sourceTree = "<group>"; };
		2AC1D49B2A8CB31F000589DF /* Networking.swift */ = {isa = PBXFileReference; fileEncoding = 4; lastKnownFileType = sourcecode.swift; path = Networking.swift; sourceTree = "<group>"; };
		2AC1D49D2A8CB31F000589DF /* ResponseParser.swift */ = {isa = PBXFileReference; fileEncoding = 4; lastKnownFileType = sourcecode.swift; path = ResponseParser.swift; sourceTree = "<group>"; };
		2AC1D49E2A8CB31F000589DF /* HTTPMethod.swift */ = {isa = PBXFileReference; fileEncoding = 4; lastKnownFileType = sourcecode.swift; path = HTTPMethod.swift; sourceTree = "<group>"; };
		2AC1D49F2A8CB31F000589DF /* TokenManager.swift */ = {isa = PBXFileReference; fileEncoding = 4; lastKnownFileType = sourcecode.swift; path = TokenManager.swift; sourceTree = "<group>"; };
		2AC1D4A12A8CB31F000589DF /* NetworkingResponse.swift */ = {isa = PBXFileReference; fileEncoding = 4; lastKnownFileType = sourcecode.swift; path = NetworkingResponse.swift; sourceTree = "<group>"; };
		2AC1D4A22A8CB31F000589DF /* RequestBuilder.swift */ = {isa = PBXFileReference; fileEncoding = 4; lastKnownFileType = sourcecode.swift; path = RequestBuilder.swift; sourceTree = "<group>"; };
		2AC1D4A32A8CB31F000589DF /* RequestMaker.swift */ = {isa = PBXFileReference; fileEncoding = 4; lastKnownFileType = sourcecode.swift; path = RequestMaker.swift; sourceTree = "<group>"; };
		2AC1D4A42A8CB31F000589DF /* NetworkingConfiguration.swift */ = {isa = PBXFileReference; fileEncoding = 4; lastKnownFileType = sourcecode.swift; path = NetworkingConfiguration.swift; sourceTree = "<group>"; };
		2AC1D4A52A8CB31F000589DF /* NetworkingRouter.swift */ = {isa = PBXFileReference; fileEncoding = 4; lastKnownFileType = sourcecode.swift; path = NetworkingRouter.swift; sourceTree = "<group>"; };
		2AC1D4BF2A8CC78E000589DF /* AuthRouter.swift */ = {isa = PBXFileReference; fileEncoding = 4; lastKnownFileType = sourcecode.swift; path = AuthRouter.swift; sourceTree = "<group>"; };
/* End PBXFileReference section */

/* Begin PBXFrameworksBuildPhase section */
		2A9EF3E12A8CAFF200F16561 /* Frameworks */ = {
			isa = PBXFrameworksBuildPhase;
			buildActionMask = 2147483647;
			files = (
<<<<<<< HEAD
				2AC1D4BC2A8CBD79000589DF /* SwiftKeychainWrapper in Frameworks */,
=======
				98419D742A8CB72B00579CD7 /* SwiftKeychainWrapper in Frameworks */,
>>>>>>> develop
			);
			runOnlyForDeploymentPostprocessing = 0;
		};
		2A9EF3F12A8CAFF400F16561 /* Frameworks */ = {
			isa = PBXFrameworksBuildPhase;
			buildActionMask = 2147483647;
			files = (
			);
			runOnlyForDeploymentPostprocessing = 0;
		};
		2A9EF3FB2A8CAFF500F16561 /* Frameworks */ = {
			isa = PBXFrameworksBuildPhase;
			buildActionMask = 2147483647;
			files = (
			);
			runOnlyForDeploymentPostprocessing = 0;
		};
/* End PBXFrameworksBuildPhase section */

/* Begin PBXGroup section */
		2A9EF3DB2A8CAFF200F16561 = {
			isa = PBXGroup;
			children = (
				2A9EF3E62A8CAFF200F16561 /* SwiftUIBase */,
				2A9EF3F72A8CAFF400F16561 /* SwiftUIBaseTests */,
				2A9EF4012A8CAFF500F16561 /* SwiftUIBaseUITests */,
				2A9EF3E52A8CAFF200F16561 /* Products */,
			);
			sourceTree = "<group>";
		};
		2A9EF3E52A8CAFF200F16561 /* Products */ = {
			isa = PBXGroup;
			children = (
				2A9EF3E42A8CAFF200F16561 /* SwiftUIBase.app */,
				2A9EF3F42A8CAFF400F16561 /* SwiftUIBaseTests.xctest */,
				2A9EF3FE2A8CAFF500F16561 /* SwiftUIBaseUITests.xctest */,
			);
			name = Products;
			sourceTree = "<group>";
		};
		2A9EF3E62A8CAFF200F16561 /* SwiftUIBase */ = {
			isa = PBXGroup;
			children = (
				2AC1D4BE2A8CC779000589DF /* Model */,
				2AC1D4BD2A8CC751000589DF /* Router */,
				2AC1D48C2A8CB31F000589DF /* Networking */,
				2A9EF3E72A8CAFF200F16561 /* SwiftUIBaseApp.swift */,
				2A9EF3E92A8CAFF200F16561 /* ContentView.swift */,
				2A9EF3EB2A8CAFF400F16561 /* Assets.xcassets */,
				2A9EF3ED2A8CAFF400F16561 /* Preview Content */,
			);
			path = SwiftUIBase;
			sourceTree = "<group>";
		};
		2A9EF3ED2A8CAFF400F16561 /* Preview Content */ = {
			isa = PBXGroup;
			children = (
				2A9EF3EE2A8CAFF400F16561 /* Preview Assets.xcassets */,
			);
			path = "Preview Content";
			sourceTree = "<group>";
		};
		2A9EF3F72A8CAFF400F16561 /* SwiftUIBaseTests */ = {
			isa = PBXGroup;
			children = (
				2A9EF3F82A8CAFF400F16561 /* SwiftUIBaseTests.swift */,
			);
			path = SwiftUIBaseTests;
			sourceTree = "<group>";
		};
		2A9EF4012A8CAFF500F16561 /* SwiftUIBaseUITests */ = {
			isa = PBXGroup;
			children = (
				2A9EF4022A8CAFF500F16561 /* SwiftUIBaseUITests.swift */,
				2A9EF4042A8CAFF500F16561 /* SwiftUIBaseUITestsLaunchTests.swift */,
			);
			path = SwiftUIBaseUITests;
			sourceTree = "<group>";
		};
		2AC1D48C2A8CB31F000589DF /* Networking */ = {
			isa = PBXGroup;
			children = (
				2AC1D48D2A8CB31F000589DF /* ParameterAndEncoding */,
				2AC1D4902A8CB31F000589DF /* NetworkingError.swift */,
				2AC1D4912A8CB31F000589DF /* Response */,
				2AC1D4972A8CB31F000589DF /* Connectivity */,
				2AC1D4992A8CB31F000589DF /* KeyChainManager.swift */,
				2AC1D49A2A8CB31F000589DF /* Logger.swift */,
				2AC1D49B2A8CB31F000589DF /* Networking.swift */,
				2AC1D49C2A8CB31F000589DF /* Parser */,
				2AC1D49E2A8CB31F000589DF /* HTTPMethod.swift */,
				2AC1D49F2A8CB31F000589DF /* TokenManager.swift */,
				2AC1D4A02A8CB31F000589DF /* Request */,
				2AC1D4A42A8CB31F000589DF /* NetworkingConfiguration.swift */,
				2AC1D4A52A8CB31F000589DF /* NetworkingRouter.swift */,
			);
			path = Networking;
			sourceTree = "<group>";
		};
		2AC1D48D2A8CB31F000589DF /* ParameterAndEncoding */ = {
			isa = PBXGroup;
			children = (
				2AC1D48E2A8CB31F000589DF /* Encoding.swift */,
				2AC1D48F2A8CB31F000589DF /* Parameters.swift */,
			);
			path = ParameterAndEncoding;
			sourceTree = "<group>";
		};
		2AC1D4912A8CB31F000589DF /* Response */ = {
			isa = PBXGroup;
			children = (
				2AC1D4922A8CB31F000589DF /* Meta.swift */,
				2AC1D4932A8CB31F000589DF /* Container.swift */,
				2AC1D4942A8CB31F000589DF /* Pagination.swift */,
				2AC1D4952A8CB31F000589DF /* ApiResponse.swift */,
				2AC1D4962A8CB31F000589DF /* ErrorMessage.swift */,
			);
			path = Response;
			sourceTree = "<group>";
		};
		2AC1D4972A8CB31F000589DF /* Connectivity */ = {
			isa = PBXGroup;
			children = (
				2AC1D4982A8CB31F000589DF /* Connectivity.swift */,
			);
			path = Connectivity;
			sourceTree = "<group>";
		};
		2AC1D49C2A8CB31F000589DF /* Parser */ = {
			isa = PBXGroup;
			children = (
				2AC1D49D2A8CB31F000589DF /* ResponseParser.swift */,
			);
			path = Parser;
			sourceTree = "<group>";
		};
		2AC1D4A02A8CB31F000589DF /* Request */ = {
			isa = PBXGroup;
			children = (
				2AC1D4A12A8CB31F000589DF /* NetworkingResponse.swift */,
				2AC1D4A22A8CB31F000589DF /* RequestBuilder.swift */,
				2AC1D4A32A8CB31F000589DF /* RequestMaker.swift */,
			);
			path = Request;
			sourceTree = "<group>";
		};
		2AC1D4BD2A8CC751000589DF /* Router */ = {
			isa = PBXGroup;
			children = (
				2AC1D4BF2A8CC78E000589DF /* AuthRouter.swift */,
			);
			path = Router;
			sourceTree = "<group>";
		};
		2AC1D4BE2A8CC779000589DF /* Model */ = {
			isa = PBXGroup;
			children = (
			);
			path = Model;
			sourceTree = "<group>";
		};
/* End PBXGroup section */

/* Begin PBXNativeTarget section */
		2A9EF3E32A8CAFF200F16561 /* SwiftUIBase */ = {
			isa = PBXNativeTarget;
			buildConfigurationList = 2A9EF4082A8CAFF500F16561 /* Build configuration list for PBXNativeTarget "SwiftUIBase" */;
			buildPhases = (
				2A9EF3E02A8CAFF200F16561 /* Sources */,
				2A9EF3E12A8CAFF200F16561 /* Frameworks */,
				2A9EF3E22A8CAFF200F16561 /* Resources */,
			);
			buildRules = (
			);
			dependencies = (
			);
			name = SwiftUIBase;
			packageProductDependencies = (
<<<<<<< HEAD
				2AC1D4BB2A8CBD79000589DF /* SwiftKeychainWrapper */,
=======
				98419D732A8CB72B00579CD7 /* SwiftKeychainWrapper */,
>>>>>>> develop
			);
			productName = SwiftUIBase;
			productReference = 2A9EF3E42A8CAFF200F16561 /* SwiftUIBase.app */;
			productType = "com.apple.product-type.application";
		};
		2A9EF3F32A8CAFF400F16561 /* SwiftUIBaseTests */ = {
			isa = PBXNativeTarget;
			buildConfigurationList = 2A9EF40B2A8CAFF500F16561 /* Build configuration list for PBXNativeTarget "SwiftUIBaseTests" */;
			buildPhases = (
				2A9EF3F02A8CAFF400F16561 /* Sources */,
				2A9EF3F12A8CAFF400F16561 /* Frameworks */,
				2A9EF3F22A8CAFF400F16561 /* Resources */,
			);
			buildRules = (
			);
			dependencies = (
				2A9EF3F62A8CAFF400F16561 /* PBXTargetDependency */,
			);
			name = SwiftUIBaseTests;
			productName = SwiftUIBaseTests;
			productReference = 2A9EF3F42A8CAFF400F16561 /* SwiftUIBaseTests.xctest */;
			productType = "com.apple.product-type.bundle.unit-test";
		};
		2A9EF3FD2A8CAFF500F16561 /* SwiftUIBaseUITests */ = {
			isa = PBXNativeTarget;
			buildConfigurationList = 2A9EF40E2A8CAFF500F16561 /* Build configuration list for PBXNativeTarget "SwiftUIBaseUITests" */;
			buildPhases = (
				2A9EF3FA2A8CAFF500F16561 /* Sources */,
				2A9EF3FB2A8CAFF500F16561 /* Frameworks */,
				2A9EF3FC2A8CAFF500F16561 /* Resources */,
			);
			buildRules = (
			);
			dependencies = (
				2A9EF4002A8CAFF500F16561 /* PBXTargetDependency */,
			);
			name = SwiftUIBaseUITests;
			productName = SwiftUIBaseUITests;
			productReference = 2A9EF3FE2A8CAFF500F16561 /* SwiftUIBaseUITests.xctest */;
			productType = "com.apple.product-type.bundle.ui-testing";
		};
/* End PBXNativeTarget section */

/* Begin PBXProject section */
		2A9EF3DC2A8CAFF200F16561 /* Project object */ = {
			isa = PBXProject;
			attributes = {
				BuildIndependentTargetsInParallel = 1;
				LastSwiftUpdateCheck = 1430;
				LastUpgradeCheck = 1430;
				TargetAttributes = {
					2A9EF3E32A8CAFF200F16561 = {
						CreatedOnToolsVersion = 14.3;
					};
					2A9EF3F32A8CAFF400F16561 = {
						CreatedOnToolsVersion = 14.3;
						TestTargetID = 2A9EF3E32A8CAFF200F16561;
					};
					2A9EF3FD2A8CAFF500F16561 = {
						CreatedOnToolsVersion = 14.3;
						TestTargetID = 2A9EF3E32A8CAFF200F16561;
					};
				};
			};
			buildConfigurationList = 2A9EF3DF2A8CAFF200F16561 /* Build configuration list for PBXProject "SwiftUIBase" */;
			compatibilityVersion = "Xcode 14.0";
			developmentRegion = en;
			hasScannedForEncodings = 0;
			knownRegions = (
				en,
				Base,
			);
			mainGroup = 2A9EF3DB2A8CAFF200F16561;
			packageReferences = (
<<<<<<< HEAD
				2AC1D4BA2A8CBD79000589DF /* XCRemoteSwiftPackageReference "SwiftKeychainWrapper" */,
=======
				98419D722A8CB72B00579CD7 /* XCRemoteSwiftPackageReference "SwiftKeychainWrapper" */,
>>>>>>> develop
			);
			productRefGroup = 2A9EF3E52A8CAFF200F16561 /* Products */;
			projectDirPath = "";
			projectRoot = "";
			targets = (
				2A9EF3E32A8CAFF200F16561 /* SwiftUIBase */,
				2A9EF3F32A8CAFF400F16561 /* SwiftUIBaseTests */,
				2A9EF3FD2A8CAFF500F16561 /* SwiftUIBaseUITests */,
			);
		};
/* End PBXProject section */

/* Begin PBXResourcesBuildPhase section */
		2A9EF3E22A8CAFF200F16561 /* Resources */ = {
			isa = PBXResourcesBuildPhase;
			buildActionMask = 2147483647;
			files = (
				2A9EF3EF2A8CAFF400F16561 /* Preview Assets.xcassets in Resources */,
				2A9EF3EC2A8CAFF400F16561 /* Assets.xcassets in Resources */,
			);
			runOnlyForDeploymentPostprocessing = 0;
		};
		2A9EF3F22A8CAFF400F16561 /* Resources */ = {
			isa = PBXResourcesBuildPhase;
			buildActionMask = 2147483647;
			files = (
			);
			runOnlyForDeploymentPostprocessing = 0;
		};
		2A9EF3FC2A8CAFF500F16561 /* Resources */ = {
			isa = PBXResourcesBuildPhase;
			buildActionMask = 2147483647;
			files = (
			);
			runOnlyForDeploymentPostprocessing = 0;
		};
/* End PBXResourcesBuildPhase section */

/* Begin PBXSourcesBuildPhase section */
		2A9EF3E02A8CAFF200F16561 /* Sources */ = {
			isa = PBXSourcesBuildPhase;
			buildActionMask = 2147483647;
			files = (
				2AC1D4B42A8CB31F000589DF /* TokenManager.swift in Sources */,
				2AC1D4A62A8CB31F000589DF /* Encoding.swift in Sources */,
				2A9EF3EA2A8CAFF200F16561 /* ContentView.swift in Sources */,
				2AC1D4AD2A8CB31F000589DF /* ErrorMessage.swift in Sources */,
				2AC1D4B82A8CB31F000589DF /* NetworkingConfiguration.swift in Sources */,
				2AC1D4A92A8CB31F000589DF /* Meta.swift in Sources */,
				2A9EF3E82A8CAFF200F16561 /* SwiftUIBaseApp.swift in Sources */,
				2AC1D4B22A8CB31F000589DF /* ResponseParser.swift in Sources */,
				2AC1D4AA2A8CB31F000589DF /* Container.swift in Sources */,
				2AC1D4AB2A8CB31F000589DF /* Pagination.swift in Sources */,
				2AC1D4B92A8CB31F000589DF /* NetworkingRouter.swift in Sources */,
				2AC1D4AF2A8CB31F000589DF /* KeyChainManager.swift in Sources */,
				2AC1D4AE2A8CB31F000589DF /* Connectivity.swift in Sources */,
				2AC1D4B02A8CB31F000589DF /* Logger.swift in Sources */,
				2AC1D4AC2A8CB31F000589DF /* ApiResponse.swift in Sources */,
				2AC1D4B32A8CB31F000589DF /* HTTPMethod.swift in Sources */,
				2AC1D4B72A8CB31F000589DF /* RequestMaker.swift in Sources */,
				2AC1D4C02A8CC78E000589DF /* AuthRouter.swift in Sources */,
				2AC1D4B52A8CB31F000589DF /* NetworkingResponse.swift in Sources */,
				2AC1D4A72A8CB31F000589DF /* Parameters.swift in Sources */,
				2AC1D4B62A8CB31F000589DF /* RequestBuilder.swift in Sources */,
				2AC1D4A82A8CB31F000589DF /* NetworkingError.swift in Sources */,
				2AC1D4B12A8CB31F000589DF /* Networking.swift in Sources */,
			);
			runOnlyForDeploymentPostprocessing = 0;
		};
		2A9EF3F02A8CAFF400F16561 /* Sources */ = {
			isa = PBXSourcesBuildPhase;
			buildActionMask = 2147483647;
			files = (
				2A9EF3F92A8CAFF400F16561 /* SwiftUIBaseTests.swift in Sources */,
			);
			runOnlyForDeploymentPostprocessing = 0;
		};
		2A9EF3FA2A8CAFF500F16561 /* Sources */ = {
			isa = PBXSourcesBuildPhase;
			buildActionMask = 2147483647;
			files = (
				2A9EF4032A8CAFF500F16561 /* SwiftUIBaseUITests.swift in Sources */,
				2A9EF4052A8CAFF500F16561 /* SwiftUIBaseUITestsLaunchTests.swift in Sources */,
			);
			runOnlyForDeploymentPostprocessing = 0;
		};
/* End PBXSourcesBuildPhase section */

/* Begin PBXTargetDependency section */
		2A9EF3F62A8CAFF400F16561 /* PBXTargetDependency */ = {
			isa = PBXTargetDependency;
			target = 2A9EF3E32A8CAFF200F16561 /* SwiftUIBase */;
			targetProxy = 2A9EF3F52A8CAFF400F16561 /* PBXContainerItemProxy */;
		};
		2A9EF4002A8CAFF500F16561 /* PBXTargetDependency */ = {
			isa = PBXTargetDependency;
			target = 2A9EF3E32A8CAFF200F16561 /* SwiftUIBase */;
			targetProxy = 2A9EF3FF2A8CAFF500F16561 /* PBXContainerItemProxy */;
		};
/* End PBXTargetDependency section */

/* Begin XCBuildConfiguration section */
		2A9EF4062A8CAFF500F16561 /* Debug */ = {
			isa = XCBuildConfiguration;
			buildSettings = {
				ALWAYS_SEARCH_USER_PATHS = NO;
				CLANG_ANALYZER_NONNULL = YES;
				CLANG_ANALYZER_NUMBER_OBJECT_CONVERSION = YES_AGGRESSIVE;
				CLANG_CXX_LANGUAGE_STANDARD = "gnu++20";
				CLANG_ENABLE_MODULES = YES;
				CLANG_ENABLE_OBJC_ARC = YES;
				CLANG_ENABLE_OBJC_WEAK = YES;
				CLANG_WARN_BLOCK_CAPTURE_AUTORELEASING = YES;
				CLANG_WARN_BOOL_CONVERSION = YES;
				CLANG_WARN_COMMA = YES;
				CLANG_WARN_CONSTANT_CONVERSION = YES;
				CLANG_WARN_DEPRECATED_OBJC_IMPLEMENTATIONS = YES;
				CLANG_WARN_DIRECT_OBJC_ISA_USAGE = YES_ERROR;
				CLANG_WARN_DOCUMENTATION_COMMENTS = YES;
				CLANG_WARN_EMPTY_BODY = YES;
				CLANG_WARN_ENUM_CONVERSION = YES;
				CLANG_WARN_INFINITE_RECURSION = YES;
				CLANG_WARN_INT_CONVERSION = YES;
				CLANG_WARN_NON_LITERAL_NULL_CONVERSION = YES;
				CLANG_WARN_OBJC_IMPLICIT_RETAIN_SELF = YES;
				CLANG_WARN_OBJC_LITERAL_CONVERSION = YES;
				CLANG_WARN_OBJC_ROOT_CLASS = YES_ERROR;
				CLANG_WARN_QUOTED_INCLUDE_IN_FRAMEWORK_HEADER = YES;
				CLANG_WARN_RANGE_LOOP_ANALYSIS = YES;
				CLANG_WARN_STRICT_PROTOTYPES = YES;
				CLANG_WARN_SUSPICIOUS_MOVE = YES;
				CLANG_WARN_UNGUARDED_AVAILABILITY = YES_AGGRESSIVE;
				CLANG_WARN_UNREACHABLE_CODE = YES;
				CLANG_WARN__DUPLICATE_METHOD_MATCH = YES;
				COPY_PHASE_STRIP = NO;
				DEBUG_INFORMATION_FORMAT = dwarf;
				ENABLE_STRICT_OBJC_MSGSEND = YES;
				ENABLE_TESTABILITY = YES;
				GCC_C_LANGUAGE_STANDARD = gnu11;
				GCC_DYNAMIC_NO_PIC = NO;
				GCC_NO_COMMON_BLOCKS = YES;
				GCC_OPTIMIZATION_LEVEL = 0;
				GCC_PREPROCESSOR_DEFINITIONS = (
					"DEBUG=1",
					"$(inherited)",
				);
				GCC_WARN_64_TO_32_BIT_CONVERSION = YES;
				GCC_WARN_ABOUT_RETURN_TYPE = YES_ERROR;
				GCC_WARN_UNDECLARED_SELECTOR = YES;
				GCC_WARN_UNINITIALIZED_AUTOS = YES_AGGRESSIVE;
				GCC_WARN_UNUSED_FUNCTION = YES;
				GCC_WARN_UNUSED_VARIABLE = YES;
				IPHONEOS_DEPLOYMENT_TARGET = 16.4;
				MTL_ENABLE_DEBUG_INFO = INCLUDE_SOURCE;
				MTL_FAST_MATH = YES;
				ONLY_ACTIVE_ARCH = YES;
				SDKROOT = iphoneos;
				SWIFT_ACTIVE_COMPILATION_CONDITIONS = DEBUG;
				SWIFT_OPTIMIZATION_LEVEL = "-Onone";
			};
			name = Debug;
		};
		2A9EF4072A8CAFF500F16561 /* Release */ = {
			isa = XCBuildConfiguration;
			buildSettings = {
				ALWAYS_SEARCH_USER_PATHS = NO;
				CLANG_ANALYZER_NONNULL = YES;
				CLANG_ANALYZER_NUMBER_OBJECT_CONVERSION = YES_AGGRESSIVE;
				CLANG_CXX_LANGUAGE_STANDARD = "gnu++20";
				CLANG_ENABLE_MODULES = YES;
				CLANG_ENABLE_OBJC_ARC = YES;
				CLANG_ENABLE_OBJC_WEAK = YES;
				CLANG_WARN_BLOCK_CAPTURE_AUTORELEASING = YES;
				CLANG_WARN_BOOL_CONVERSION = YES;
				CLANG_WARN_COMMA = YES;
				CLANG_WARN_CONSTANT_CONVERSION = YES;
				CLANG_WARN_DEPRECATED_OBJC_IMPLEMENTATIONS = YES;
				CLANG_WARN_DIRECT_OBJC_ISA_USAGE = YES_ERROR;
				CLANG_WARN_DOCUMENTATION_COMMENTS = YES;
				CLANG_WARN_EMPTY_BODY = YES;
				CLANG_WARN_ENUM_CONVERSION = YES;
				CLANG_WARN_INFINITE_RECURSION = YES;
				CLANG_WARN_INT_CONVERSION = YES;
				CLANG_WARN_NON_LITERAL_NULL_CONVERSION = YES;
				CLANG_WARN_OBJC_IMPLICIT_RETAIN_SELF = YES;
				CLANG_WARN_OBJC_LITERAL_CONVERSION = YES;
				CLANG_WARN_OBJC_ROOT_CLASS = YES_ERROR;
				CLANG_WARN_QUOTED_INCLUDE_IN_FRAMEWORK_HEADER = YES;
				CLANG_WARN_RANGE_LOOP_ANALYSIS = YES;
				CLANG_WARN_STRICT_PROTOTYPES = YES;
				CLANG_WARN_SUSPICIOUS_MOVE = YES;
				CLANG_WARN_UNGUARDED_AVAILABILITY = YES_AGGRESSIVE;
				CLANG_WARN_UNREACHABLE_CODE = YES;
				CLANG_WARN__DUPLICATE_METHOD_MATCH = YES;
				COPY_PHASE_STRIP = NO;
				DEBUG_INFORMATION_FORMAT = "dwarf-with-dsym";
				ENABLE_NS_ASSERTIONS = NO;
				ENABLE_STRICT_OBJC_MSGSEND = YES;
				GCC_C_LANGUAGE_STANDARD = gnu11;
				GCC_NO_COMMON_BLOCKS = YES;
				GCC_WARN_64_TO_32_BIT_CONVERSION = YES;
				GCC_WARN_ABOUT_RETURN_TYPE = YES_ERROR;
				GCC_WARN_UNDECLARED_SELECTOR = YES;
				GCC_WARN_UNINITIALIZED_AUTOS = YES_AGGRESSIVE;
				GCC_WARN_UNUSED_FUNCTION = YES;
				GCC_WARN_UNUSED_VARIABLE = YES;
				IPHONEOS_DEPLOYMENT_TARGET = 16.4;
				MTL_ENABLE_DEBUG_INFO = NO;
				MTL_FAST_MATH = YES;
				SDKROOT = iphoneos;
				SWIFT_COMPILATION_MODE = wholemodule;
				SWIFT_OPTIMIZATION_LEVEL = "-O";
				VALIDATE_PRODUCT = YES;
			};
			name = Release;
		};
		2A9EF4092A8CAFF500F16561 /* Debug */ = {
			isa = XCBuildConfiguration;
			buildSettings = {
				ASSETCATALOG_COMPILER_APPICON_NAME = AppIcon;
				ASSETCATALOG_COMPILER_GLOBAL_ACCENT_COLOR_NAME = AccentColor;
				CODE_SIGN_STYLE = Automatic;
				CURRENT_PROJECT_VERSION = 1;
				DEVELOPMENT_ASSET_PATHS = "\"SwiftUIBase/Preview Content\"";
				DEVELOPMENT_TEAM = 974PYRN6CZ;
				ENABLE_PREVIEWS = YES;
				GENERATE_INFOPLIST_FILE = YES;
				INFOPLIST_KEY_UIApplicationSceneManifest_Generation = YES;
				INFOPLIST_KEY_UIApplicationSupportsIndirectInputEvents = YES;
				INFOPLIST_KEY_UILaunchScreen_Generation = YES;
				INFOPLIST_KEY_UISupportedInterfaceOrientations_iPad = "UIInterfaceOrientationPortrait UIInterfaceOrientationPortraitUpsideDown UIInterfaceOrientationLandscapeLeft UIInterfaceOrientationLandscapeRight";
				INFOPLIST_KEY_UISupportedInterfaceOrientations_iPhone = "UIInterfaceOrientationPortrait UIInterfaceOrientationLandscapeLeft UIInterfaceOrientationLandscapeRight";
				IPHONEOS_DEPLOYMENT_TARGET = 15.0;
				LD_RUNPATH_SEARCH_PATHS = (
					"$(inherited)",
					"@executable_path/Frameworks",
				);
				MARKETING_VERSION = 1.0;
				PRODUCT_BUNDLE_IDENTIFIER = com.manjil.SwiftUIBase;
				PRODUCT_NAME = "$(TARGET_NAME)";
				SWIFT_EMIT_LOC_STRINGS = YES;
				SWIFT_VERSION = 5.0;
				TARGETED_DEVICE_FAMILY = "1,2";
			};
			name = Debug;
		};
		2A9EF40A2A8CAFF500F16561 /* Release */ = {
			isa = XCBuildConfiguration;
			buildSettings = {
				ASSETCATALOG_COMPILER_APPICON_NAME = AppIcon;
				ASSETCATALOG_COMPILER_GLOBAL_ACCENT_COLOR_NAME = AccentColor;
				CODE_SIGN_STYLE = Automatic;
				CURRENT_PROJECT_VERSION = 1;
				DEVELOPMENT_ASSET_PATHS = "\"SwiftUIBase/Preview Content\"";
				DEVELOPMENT_TEAM = 974PYRN6CZ;
				ENABLE_PREVIEWS = YES;
				GENERATE_INFOPLIST_FILE = YES;
				INFOPLIST_KEY_UIApplicationSceneManifest_Generation = YES;
				INFOPLIST_KEY_UIApplicationSupportsIndirectInputEvents = YES;
				INFOPLIST_KEY_UILaunchScreen_Generation = YES;
				INFOPLIST_KEY_UISupportedInterfaceOrientations_iPad = "UIInterfaceOrientationPortrait UIInterfaceOrientationPortraitUpsideDown UIInterfaceOrientationLandscapeLeft UIInterfaceOrientationLandscapeRight";
				INFOPLIST_KEY_UISupportedInterfaceOrientations_iPhone = "UIInterfaceOrientationPortrait UIInterfaceOrientationLandscapeLeft UIInterfaceOrientationLandscapeRight";
				IPHONEOS_DEPLOYMENT_TARGET = 15.0;
				LD_RUNPATH_SEARCH_PATHS = (
					"$(inherited)",
					"@executable_path/Frameworks",
				);
				MARKETING_VERSION = 1.0;
				PRODUCT_BUNDLE_IDENTIFIER = com.manjil.SwiftUIBase;
				PRODUCT_NAME = "$(TARGET_NAME)";
				SWIFT_EMIT_LOC_STRINGS = YES;
				SWIFT_VERSION = 5.0;
				TARGETED_DEVICE_FAMILY = "1,2";
			};
			name = Release;
		};
		2A9EF40C2A8CAFF500F16561 /* Debug */ = {
			isa = XCBuildConfiguration;
			buildSettings = {
				ALWAYS_EMBED_SWIFT_STANDARD_LIBRARIES = YES;
				BUNDLE_LOADER = "$(TEST_HOST)";
				CODE_SIGN_STYLE = Automatic;
				CURRENT_PROJECT_VERSION = 1;
				DEVELOPMENT_TEAM = 68AW935KPY;
				GENERATE_INFOPLIST_FILE = YES;
				IPHONEOS_DEPLOYMENT_TARGET = 16.4;
				MARKETING_VERSION = 1.0;
				PRODUCT_BUNDLE_IDENTIFIER = com.manjil.SwiftUIBaseTests;
				PRODUCT_NAME = "$(TARGET_NAME)";
				SWIFT_EMIT_LOC_STRINGS = NO;
				SWIFT_VERSION = 5.0;
				TARGETED_DEVICE_FAMILY = "1,2";
				TEST_HOST = "$(BUILT_PRODUCTS_DIR)/SwiftUIBase.app/$(BUNDLE_EXECUTABLE_FOLDER_PATH)/SwiftUIBase";
			};
			name = Debug;
		};
		2A9EF40D2A8CAFF500F16561 /* Release */ = {
			isa = XCBuildConfiguration;
			buildSettings = {
				ALWAYS_EMBED_SWIFT_STANDARD_LIBRARIES = YES;
				BUNDLE_LOADER = "$(TEST_HOST)";
				CODE_SIGN_STYLE = Automatic;
				CURRENT_PROJECT_VERSION = 1;
				DEVELOPMENT_TEAM = 68AW935KPY;
				GENERATE_INFOPLIST_FILE = YES;
				IPHONEOS_DEPLOYMENT_TARGET = 16.4;
				MARKETING_VERSION = 1.0;
				PRODUCT_BUNDLE_IDENTIFIER = com.manjil.SwiftUIBaseTests;
				PRODUCT_NAME = "$(TARGET_NAME)";
				SWIFT_EMIT_LOC_STRINGS = NO;
				SWIFT_VERSION = 5.0;
				TARGETED_DEVICE_FAMILY = "1,2";
				TEST_HOST = "$(BUILT_PRODUCTS_DIR)/SwiftUIBase.app/$(BUNDLE_EXECUTABLE_FOLDER_PATH)/SwiftUIBase";
			};
			name = Release;
		};
		2A9EF40F2A8CAFF500F16561 /* Debug */ = {
			isa = XCBuildConfiguration;
			buildSettings = {
				ALWAYS_EMBED_SWIFT_STANDARD_LIBRARIES = YES;
				CODE_SIGN_STYLE = Automatic;
				CURRENT_PROJECT_VERSION = 1;
				DEVELOPMENT_TEAM = 68AW935KPY;
				GENERATE_INFOPLIST_FILE = YES;
				MARKETING_VERSION = 1.0;
				PRODUCT_BUNDLE_IDENTIFIER = com.manjil.SwiftUIBaseUITests;
				PRODUCT_NAME = "$(TARGET_NAME)";
				SWIFT_EMIT_LOC_STRINGS = NO;
				SWIFT_VERSION = 5.0;
				TARGETED_DEVICE_FAMILY = "1,2";
				TEST_TARGET_NAME = SwiftUIBase;
			};
			name = Debug;
		};
		2A9EF4102A8CAFF500F16561 /* Release */ = {
			isa = XCBuildConfiguration;
			buildSettings = {
				ALWAYS_EMBED_SWIFT_STANDARD_LIBRARIES = YES;
				CODE_SIGN_STYLE = Automatic;
				CURRENT_PROJECT_VERSION = 1;
				DEVELOPMENT_TEAM = 68AW935KPY;
				GENERATE_INFOPLIST_FILE = YES;
				MARKETING_VERSION = 1.0;
				PRODUCT_BUNDLE_IDENTIFIER = com.manjil.SwiftUIBaseUITests;
				PRODUCT_NAME = "$(TARGET_NAME)";
				SWIFT_EMIT_LOC_STRINGS = NO;
				SWIFT_VERSION = 5.0;
				TARGETED_DEVICE_FAMILY = "1,2";
				TEST_TARGET_NAME = SwiftUIBase;
			};
			name = Release;
		};
/* End XCBuildConfiguration section */

/* Begin XCConfigurationList section */
		2A9EF3DF2A8CAFF200F16561 /* Build configuration list for PBXProject "SwiftUIBase" */ = {
			isa = XCConfigurationList;
			buildConfigurations = (
				2A9EF4062A8CAFF500F16561 /* Debug */,
				2A9EF4072A8CAFF500F16561 /* Release */,
			);
			defaultConfigurationIsVisible = 0;
			defaultConfigurationName = Release;
		};
		2A9EF4082A8CAFF500F16561 /* Build configuration list for PBXNativeTarget "SwiftUIBase" */ = {
			isa = XCConfigurationList;
			buildConfigurations = (
				2A9EF4092A8CAFF500F16561 /* Debug */,
				2A9EF40A2A8CAFF500F16561 /* Release */,
			);
			defaultConfigurationIsVisible = 0;
			defaultConfigurationName = Release;
		};
		2A9EF40B2A8CAFF500F16561 /* Build configuration list for PBXNativeTarget "SwiftUIBaseTests" */ = {
			isa = XCConfigurationList;
			buildConfigurations = (
				2A9EF40C2A8CAFF500F16561 /* Debug */,
				2A9EF40D2A8CAFF500F16561 /* Release */,
			);
			defaultConfigurationIsVisible = 0;
			defaultConfigurationName = Release;
		};
		2A9EF40E2A8CAFF500F16561 /* Build configuration list for PBXNativeTarget "SwiftUIBaseUITests" */ = {
			isa = XCConfigurationList;
			buildConfigurations = (
				2A9EF40F2A8CAFF500F16561 /* Debug */,
				2A9EF4102A8CAFF500F16561 /* Release */,
			);
			defaultConfigurationIsVisible = 0;
			defaultConfigurationName = Release;
		};
/* End XCConfigurationList section */

/* Begin XCRemoteSwiftPackageReference section */
<<<<<<< HEAD
		2AC1D4BA2A8CBD79000589DF /* XCRemoteSwiftPackageReference "SwiftKeychainWrapper" */ = {
			isa = XCRemoteSwiftPackageReference;
			repositoryURL = "https://github.com/jrendel/SwiftKeychainWrapper.git";
			requirement = {
				kind = upToNextMajorVersion;
				minimumVersion = 4.0.0;
=======
		98419D722A8CB72B00579CD7 /* XCRemoteSwiftPackageReference "SwiftKeychainWrapper" */ = {
			isa = XCRemoteSwiftPackageReference;
			repositoryURL = "https://github.com/jrendel/SwiftKeychainWrapper.git";
			requirement = {
				branch = develop;
				kind = branch;
>>>>>>> develop
			};
		};
/* End XCRemoteSwiftPackageReference section */

/* Begin XCSwiftPackageProductDependency section */
<<<<<<< HEAD
		2AC1D4BB2A8CBD79000589DF /* SwiftKeychainWrapper */ = {
			isa = XCSwiftPackageProductDependency;
			package = 2AC1D4BA2A8CBD79000589DF /* XCRemoteSwiftPackageReference "SwiftKeychainWrapper" */;
=======
		98419D732A8CB72B00579CD7 /* SwiftKeychainWrapper */ = {
			isa = XCSwiftPackageProductDependency;
			package = 98419D722A8CB72B00579CD7 /* XCRemoteSwiftPackageReference "SwiftKeychainWrapper" */;
>>>>>>> develop
			productName = SwiftKeychainWrapper;
		};
/* End XCSwiftPackageProductDependency section */
	};
	rootObject = 2A9EF3DC2A8CAFF200F16561 /* Project object */;
}
